
Microsoft Visual Studio Solution File, Format Version 12.00
Project("{F2A71F9B-5D33-465A-A702-920D77279786}") = "Hanjie.NET.Server", "Hanjie.NET.Server\Hanjie.NET.Server.fsproj", "{2D7ED84B-899A-485A-AE41-275ED3FEDC2E}"
EndProject
Global
	GlobalSection(SolutionConfigurationPlatforms) = preSolution
		Debug|Any CPU = Debug|Any CPU
		Release|Any CPU = Release|Any CPU
	EndGlobalSection
	GlobalSection(ProjectConfigurationPlatforms) = postSolution
		{2D7ED84B-899A-485A-AE41-275ED3FEDC2E}.Debug|Any CPU.ActiveCfg = Debug|Any CPU
		{2D7ED84B-899A-485A-AE41-275ED3FEDC2E}.Debug|Any CPU.Build.0 = Debug|Any CPU
		{2D7ED84B-899A-485A-AE41-275ED3FEDC2E}.Release|Any CPU.ActiveCfg = Release|Any CPU
		{2D7ED84B-899A-485A-AE41-275ED3FEDC2E}.Release|Any CPU.Build.0 = Release|Any CPU
	EndGlobalSection
EndGlobal
