
Microsoft Visual Studio Solution File, Format Version 12.00
Project("{F2A71F9B-5D33-465A-A702-920D77279786}") = "Nahjie.Net.Startup", "Nahjie.Net.Startup\Nahjie.Net.Startup.fsproj", "{6F12B01B-E82E-4A7B-AD6D-9C25755E9320}"
EndProject
Global
	GlobalSection(SolutionConfigurationPlatforms) = preSolution
		Debug|Any CPU = Debug|Any CPU
		Release|Any CPU = Release|Any CPU
	EndGlobalSection
	GlobalSection(ProjectConfigurationPlatforms) = postSolution
		{6F12B01B-E82E-4A7B-AD6D-9C25755E9320}.Debug|Any CPU.ActiveCfg = Debug|Any CPU
		{6F12B01B-E82E-4A7B-AD6D-9C25755E9320}.Debug|Any CPU.Build.0 = Debug|Any CPU
		{6F12B01B-E82E-4A7B-AD6D-9C25755E9320}.Release|Any CPU.ActiveCfg = Release|Any CPU
		{6F12B01B-E82E-4A7B-AD6D-9C25755E9320}.Release|Any CPU.Build.0 = Release|Any CPU
	EndGlobalSection
EndGlobal
